
Microsoft Visual Studio Solution File, Format Version 12.00
# Visual Studio Version 17
VisualStudioVersion = 17.9.34728.123
MinimumVisualStudioVersion = 10.0.40219.1
Project("{2150E333-8FDC-42A3-9474-1A3956D46DE8}") = "Services", "Services", "{DC9C6AEE-7F22-4E63-A604-91F0C6ABEC73}"
EndProject
Project("{2150E333-8FDC-42A3-9474-1A3956D46DE8}") = "Catalog", "Catalog", "{6B6744F0-0B87-448A-A41C-7F8F2D54F35B}"
EndProject
Project("{9A19103F-16F7-4668-BE54-9A1E7A4F7556}") = "Catalog.API", "Services\Catalog\Catalog.API\Catalog.API.csproj", "{4CE41493-304C-4A7F-9B37-310976C2BF9A}"
EndProject
Project("{2150E333-8FDC-42A3-9474-1A3956D46DE8}") = "Buildingblocks", "Buildingblocks", "{94D44AC8-8D5A-4A79-A6C3-BBC206F691BD}"
EndProject
Project("{9A19103F-16F7-4668-BE54-9A1E7A4F7556}") = "BuildingBlocks", "BuildingBlocks\BuildingBlocks\BuildingBlocks.csproj", "{482F9F90-5F3D-4995-9BE7-0802FA5BD40F}"
EndProject
Project("{E53339B2-1760-4266-BCC7-CA923CBCF16C}") = "docker-compose", "docker-compose.dcproj", "{D1854EFC-2C93-46A2-B211-03ECAB2CFBA3}"
EndProject
Project("{2150E333-8FDC-42A3-9474-1A3956D46DE8}") = "Basket", "Basket", "{42264AB4-3C1F-45C5-83FD-1F79206A6A85}"
EndProject
Project("{9A19103F-16F7-4668-BE54-9A1E7A4F7556}") = "Basket.API", "Services\Basket\Basket.API\Basket.API.csproj", "{18CA648B-7DCB-4485-A66A-BE3CCE178C7E}"
EndProject
Project("{2150E333-8FDC-42A3-9474-1A3956D46DE8}") = "Discount", "Discount", "{537CD678-80D8-4656-8AF4-226AA1FAA2D8}"
EndProject
Project("{9A19103F-16F7-4668-BE54-9A1E7A4F7556}") = "Discount.Grpc", "Services\Discount\Discount.Grpc\Discount.Grpc.csproj", "{C71ECE23-7A1C-432C-804A-8E2E14A6714F}"
EndProject
Project("{2150E333-8FDC-42A3-9474-1A3956D46DE8}") = "Ordering", "Ordering", "{EB918CC9-839C-44D9-97FE-157538CE40F0}"
EndProject
Project("{FAE04EC0-301F-11D3-BF4B-00C04F79EFBC}") = "Ordering.API", "Services\Ordering\Ordering.API\Ordering.API.csproj", "{9C50DC82-3FE1-4560-ABCA-EA13F160D8F0}"
EndProject
Project("{FAE04EC0-301F-11D3-BF4B-00C04F79EFBC}") = "Ordering.Domain", "Services\Ordering\Ordering.Domain\Ordering.Domain.csproj", "{4C26CDF3-F3B4-471F-9660-C77399216625}"
EndProject
Project("{FAE04EC0-301F-11D3-BF4B-00C04F79EFBC}") = "Ordering.Application", "Services\Ordering\Ordering.Application\Ordering.Application.csproj", "{F405A9B0-05F3-4D81-87F2-AD226CE5E339}"
EndProject
Project("{FAE04EC0-301F-11D3-BF4B-00C04F79EFBC}") = "Ordering.Infrastructure", "Services\Ordering\Ordering.Infrastructure\Ordering.Infrastructure.csproj", "{9F291365-65E7-4355-9E7B-8C87FC44B4B6}"
EndProject
Global
	GlobalSection(SolutionConfigurationPlatforms) = preSolution
		Debug|Any CPU = Debug|Any CPU
		Release|Any CPU = Release|Any CPU
	EndGlobalSection
	GlobalSection(ProjectConfigurationPlatforms) = postSolution
		{4CE41493-304C-4A7F-9B37-310976C2BF9A}.Debug|Any CPU.ActiveCfg = Debug|Any CPU
		{4CE41493-304C-4A7F-9B37-310976C2BF9A}.Debug|Any CPU.Build.0 = Debug|Any CPU
		{4CE41493-304C-4A7F-9B37-310976C2BF9A}.Release|Any CPU.ActiveCfg = Release|Any CPU
		{4CE41493-304C-4A7F-9B37-310976C2BF9A}.Release|Any CPU.Build.0 = Release|Any CPU
		{482F9F90-5F3D-4995-9BE7-0802FA5BD40F}.Debug|Any CPU.ActiveCfg = Debug|Any CPU
		{482F9F90-5F3D-4995-9BE7-0802FA5BD40F}.Debug|Any CPU.Build.0 = Debug|Any CPU
		{482F9F90-5F3D-4995-9BE7-0802FA5BD40F}.Release|Any CPU.ActiveCfg = Release|Any CPU
		{482F9F90-5F3D-4995-9BE7-0802FA5BD40F}.Release|Any CPU.Build.0 = Release|Any CPU
		{D1854EFC-2C93-46A2-B211-03ECAB2CFBA3}.Debug|Any CPU.ActiveCfg = Debug|Any CPU
		{D1854EFC-2C93-46A2-B211-03ECAB2CFBA3}.Debug|Any CPU.Build.0 = Debug|Any CPU
		{D1854EFC-2C93-46A2-B211-03ECAB2CFBA3}.Release|Any CPU.ActiveCfg = Release|Any CPU
		{D1854EFC-2C93-46A2-B211-03ECAB2CFBA3}.Release|Any CPU.Build.0 = Release|Any CPU
		{18CA648B-7DCB-4485-A66A-BE3CCE178C7E}.Debug|Any CPU.ActiveCfg = Debug|Any CPU
		{18CA648B-7DCB-4485-A66A-BE3CCE178C7E}.Debug|Any CPU.Build.0 = Debug|Any CPU
		{18CA648B-7DCB-4485-A66A-BE3CCE178C7E}.Release|Any CPU.ActiveCfg = Release|Any CPU
		{18CA648B-7DCB-4485-A66A-BE3CCE178C7E}.Release|Any CPU.Build.0 = Release|Any CPU
		{C71ECE23-7A1C-432C-804A-8E2E14A6714F}.Debug|Any CPU.ActiveCfg = Debug|Any CPU
		{C71ECE23-7A1C-432C-804A-8E2E14A6714F}.Debug|Any CPU.Build.0 = Debug|Any CPU
		{C71ECE23-7A1C-432C-804A-8E2E14A6714F}.Release|Any CPU.ActiveCfg = Release|Any CPU
		{C71ECE23-7A1C-432C-804A-8E2E14A6714F}.Release|Any CPU.Build.0 = Release|Any CPU
		{9C50DC82-3FE1-4560-ABCA-EA13F160D8F0}.Debug|Any CPU.ActiveCfg = Debug|Any CPU
		{9C50DC82-3FE1-4560-ABCA-EA13F160D8F0}.Debug|Any CPU.Build.0 = Debug|Any CPU
		{9C50DC82-3FE1-4560-ABCA-EA13F160D8F0}.Release|Any CPU.ActiveCfg = Release|Any CPU
		{9C50DC82-3FE1-4560-ABCA-EA13F160D8F0}.Release|Any CPU.Build.0 = Release|Any CPU
		{4C26CDF3-F3B4-471F-9660-C77399216625}.Debug|Any CPU.ActiveCfg = Debug|Any CPU
		{4C26CDF3-F3B4-471F-9660-C77399216625}.Debug|Any CPU.Build.0 = Debug|Any CPU
		{4C26CDF3-F3B4-471F-9660-C77399216625}.Release|Any CPU.ActiveCfg = Release|Any CPU
		{4C26CDF3-F3B4-471F-9660-C77399216625}.Release|Any CPU.Build.0 = Release|Any CPU
		{F405A9B0-05F3-4D81-87F2-AD226CE5E339}.Debug|Any CPU.ActiveCfg = Debug|Any CPU
		{F405A9B0-05F3-4D81-87F2-AD226CE5E339}.Debug|Any CPU.Build.0 = Debug|Any CPU
		{F405A9B0-05F3-4D81-87F2-AD226CE5E339}.Release|Any CPU.ActiveCfg = Release|Any CPU
		{F405A9B0-05F3-4D81-87F2-AD226CE5E339}.Release|Any CPU.Build.0 = Release|Any CPU
		{9F291365-65E7-4355-9E7B-8C87FC44B4B6}.Debug|Any CPU.ActiveCfg = Debug|Any CPU
		{9F291365-65E7-4355-9E7B-8C87FC44B4B6}.Debug|Any CPU.Build.0 = Debug|Any CPU
		{9F291365-65E7-4355-9E7B-8C87FC44B4B6}.Release|Any CPU.ActiveCfg = Release|Any CPU
		{9F291365-65E7-4355-9E7B-8C87FC44B4B6}.Release|Any CPU.Build.0 = Release|Any CPU
	EndGlobalSection
	GlobalSection(SolutionProperties) = preSolution
		HideSolutionNode = FALSE
	EndGlobalSection
	GlobalSection(NestedProjects) = preSolution
		{6B6744F0-0B87-448A-A41C-7F8F2D54F35B} = {DC9C6AEE-7F22-4E63-A604-91F0C6ABEC73}
		{4CE41493-304C-4A7F-9B37-310976C2BF9A} = {6B6744F0-0B87-448A-A41C-7F8F2D54F35B}
		{482F9F90-5F3D-4995-9BE7-0802FA5BD40F} = {94D44AC8-8D5A-4A79-A6C3-BBC206F691BD}
		{42264AB4-3C1F-45C5-83FD-1F79206A6A85} = {DC9C6AEE-7F22-4E63-A604-91F0C6ABEC73}
		{18CA648B-7DCB-4485-A66A-BE3CCE178C7E} = {42264AB4-3C1F-45C5-83FD-1F79206A6A85}
		{537CD678-80D8-4656-8AF4-226AA1FAA2D8} = {DC9C6AEE-7F22-4E63-A604-91F0C6ABEC73}
		{C71ECE23-7A1C-432C-804A-8E2E14A6714F} = {537CD678-80D8-4656-8AF4-226AA1FAA2D8}
		{EB918CC9-839C-44D9-97FE-157538CE40F0} = {DC9C6AEE-7F22-4E63-A604-91F0C6ABEC73}
		{9C50DC82-3FE1-4560-ABCA-EA13F160D8F0} = {EB918CC9-839C-44D9-97FE-157538CE40F0}
		{4C26CDF3-F3B4-471F-9660-C77399216625} = {EB918CC9-839C-44D9-97FE-157538CE40F0}
		{F405A9B0-05F3-4D81-87F2-AD226CE5E339} = {EB918CC9-839C-44D9-97FE-157538CE40F0}
		{9F291365-65E7-4355-9E7B-8C87FC44B4B6} = {EB918CC9-839C-44D9-97FE-157538CE40F0}
	EndGlobalSection
	GlobalSection(ExtensibilityGlobals) = postSolution
		SolutionGuid = {DC665C2A-E5DA-4B40-AD56-57FF8DE43810}
	EndGlobalSection
EndGlobal
